<?xml version="1.0" encoding="utf-8"?>
<Project ToolsVersion="4.0" xmlns="http://schemas.microsoft.com/developer/msbuild/2003">
  <ItemGroup>
    <Filter Include="源文件">
      <UniqueIdentifier>{4FC737F1-C7A5-4376-A066-2A32D752A2FF}</UniqueIdentifier>
      <Extensions>cpp;c;cc;cxx;c++;cppm;ixx;def;odl;idl;hpj;bat;asm;asmx</Extensions>
    </Filter>
    <Filter Include="头文件">
      <UniqueIdentifier>{93995380-89BD-4b04-88EB-625FBE52EBFB}</UniqueIdentifier>
      <Extensions>h;hh;hpp;hxx;h++;hm;inl;inc;ipp;xsd</Extensions>
    </Filter>
    <Filter Include="资源文件">
      <UniqueIdentifier>{67DA6AB6-F800-4c08-8B7A-83BB121AAD01}</UniqueIdentifier>
      <Extensions>rc;ico;cur;bmp;dlg;rc2;rct;bin;rgs;gif;jpg;jpeg;jpe;resx;tiff;tif;png;wav;mfcribbon-ms</Extensions>
    </Filter>
    <Filter Include="源文件\02hellotriangle">
      <UniqueIdentifier>{a550b725-823d-4db1-a394-d8d912b85f87}</UniqueIdentifier>
    </Filter>
    <Filter Include="源文件\01hellowindow">
      <UniqueIdentifier>{3ca63da3-4635-49bb-909e-2a2c8157f61b}</UniqueIdentifier>
    </Filter>
    <Filter Include="源文件\03shaders">
      <UniqueIdentifier>{78dfb1fa-c393-4149-8409-10a286efb720}</UniqueIdentifier>
    </Filter>
    <Filter Include="源文件\04textures">
      <UniqueIdentifier>{f457b7dc-4916-4a49-9665-86987dc3761b}</UniqueIdentifier>
    </Filter>
    <Filter Include="源文件\05transformations">
      <UniqueIdentifier>{6f6b3188-5e13-473a-b6f7-b5ecf994e811}</UniqueIdentifier>
    </Filter>
    <Filter Include="源文件\06coordinatesystems">
      <UniqueIdentifier>{59afcb65-695e-4cc7-ae9c-92a862943606}</UniqueIdentifier>
    </Filter>
    <Filter Include="源文件\07camera">
      <UniqueIdentifier>{bfb56ee0-bd5a-4f8c-a8fe-aefc08711044}</UniqueIdentifier>
    </Filter>
  </ItemGroup>
  <ItemGroup>
    <ClCompile Include="glad.c">
      <Filter>源文件</Filter>
    </ClCompile>
    <ClCompile Include="02hellotriangle\02hellotriangle.cpp">
      <Filter>源文件\02hellotriangle</Filter>
    </ClCompile>
    <ClCompile Include="02hellotriangle\02hellotriangle_ex2.cpp">
      <Filter>源文件\02hellotriangle</Filter>
    </ClCompile>
    <ClCompile Include="02hellotriangle\02hellotriangle_ex3.cpp">
      <Filter>源文件\02hellotriangle</Filter>
    </ClCompile>
    <ClCompile Include="01hellowindow\01hellowindow.cpp">
      <Filter>源文件\01hellowindow</Filter>
    </ClCompile>
    <ClCompile Include="03shaders\01uniform.cpp">
      <Filter>源文件\03shaders</Filter>
    </ClCompile>
    <ClCompile Include="03shaders\02vertexattrib.cpp">
      <Filter>源文件\03shaders</Filter>
    </ClCompile>
    <ClCompile Include="03shaders\03shaderclass.cpp">
      <Filter>源文件\03shaders</Filter>
    </ClCompile>
    <ClCompile Include="03shaders\04exercise.cpp">
      <Filter>源文件\03shaders</Filter>
    </ClCompile>
    <ClCompile Include="stb_image.cpp">
      <Filter>源文件</Filter>
    </ClCompile>
    <ClCompile Include="04textures\01textures.cpp">
      <Filter>源文件\04textures</Filter>
    </ClCompile>
    <ClCompile Include="04textures\02textures_combined.cpp">
      <Filter>源文件\04textures</Filter>
    </ClCompile>
    <ClCompile Include="04textures\03exercise12.cpp">
      <Filter>源文件\04textures</Filter>
    </ClCompile>
    <ClCompile Include="04textures\04exercise34.cpp">
      <Filter>源文件\04textures</Filter>
    </ClCompile>
    <ClCompile Include="05transformations\01glm.cpp">
      <Filter>源文件\05transformations</Filter>
    </ClCompile>
    <ClCompile Include="05transformations\02transformations.cpp">
      <Filter>源文件\05transformations</Filter>
    </ClCompile>
    <ClCompile Include="05transformations\03exercise.cpp">
      <Filter>源文件\05transformations</Filter>
    </ClCompile>
    <ClCompile Include="06coordinatesystems\01mvpmatrix.cpp">
      <Filter>源文件\06coordinatesystems</Filter>
    </ClCompile>
    <ClCompile Include="06coordinatesystems\02cube.cpp">
      <Filter>源文件\06coordinatesystems</Filter>
    </ClCompile>
    <ClCompile Include="06coordinatesystems\03zbuffer.cpp">
      <Filter>源文件\06coordinatesystems</Filter>
    </ClCompile>
    <ClCompile Include="06coordinatesystems\04manycubes.cpp">
      <Filter>源文件\06coordinatesystems</Filter>
    </ClCompile>
    <ClCompile Include="06coordinatesystems\05exercise.cpp">
      <Filter>源文件\06coordinatesystems</Filter>
    </ClCompile>
    <ClCompile Include="07camera\01camera.cpp">
      <Filter>源文件\07camera</Filter>
    </ClCompile>
    <ClCompile Include="07camera\02movecamera.cpp">
      <Filter>源文件\07camera</Filter>
    </ClCompile>
    <ClCompile Include="07camera\03rotatecamera.cpp">
      <Filter>源文件\07camera</Filter>
    </ClCompile>
    <ClCompile Include="07camera\04cameraclass.cpp">
      <Filter>源文件\07camera</Filter>
    </ClCompile>
  </ItemGroup>
  <ItemGroup>
    <ClInclude Include="includes\shader.h">
      <Filter>头文件</Filter>
    </ClInclude>
    <ClInclude Include="includes\stb_image.h">
      <Filter>头文件</Filter>
    </ClInclude>
    <ClInclude Include="includes\camera.h">
      <Filter>头文件</Filter>
    </ClInclude>
  </ItemGroup>
  <ItemGroup>
    <None Include="03shaders\shader.vs">
      <Filter>源文件\03shaders</Filter>
    </None>
    <None Include="03shaders\shader.fs">
      <Filter>源文件\03shaders</Filter>
    </None>
    <None Include="03shaders\shader_ex.fs">
      <Filter>源文件\03shaders</Filter>
    </None>
    <None Include="03shaders\shader_ex.vs">
      <Filter>源文件\03shaders</Filter>
    </None>
    <None Include="04textures\shader.vs">
      <Filter>源文件\04textures</Filter>
    </None>
    <None Include="04textures\shader2.fs">
      <Filter>源文件\04textures</Filter>
    </None>
    <None Include="04textures\shader1.fs">
      <Filter>源文件\04textures</Filter>
    </None>
    <None Include="04textures\shader_ex.fs">
      <Filter>源文件\04textures</Filter>
    </None>
    <None Include="04textures\shader_ex2.fs">
      <Filter>源文件\04textures</Filter>
    </None>
    <None Include="05transformations\shader.vs">
      <Filter>源文件\05transformations</Filter>
    </None>
    <None Include="05transformations\shader.fs">
      <Filter>源文件\05transformations</Filter>
    </None>
    <None Include="06coordinatesystems\shader.vs">
      <Filter>源文件\06coordinatesystems</Filter>
    </None>
    <None Include="06coordinatesystems\shader.fs">
      <Filter>源文件\06coordinatesystems</Filter>
    </None>
  </ItemGroup>
  <ItemGroup>
    <Image Include="04textures\container.jpg">
      <Filter>资源文件</Filter>
    </Image>
    <Image Include="04textures\wall.jpg">
      <Filter>资源文件</Filter>
    </Image>
    <Image Include="04textures\awesomeface.png">
      <Filter>资源文件</Filter>
    </Image>
  </ItemGroup>
</Project>